{
  "name": "livetennisapi-starter-node",
  "version": "1.0.0",
  "lockfileVersion": 3,
  "requires": true,
  "packages": {
    "": {
      "name": "livetennisapi-starter-node",
      "version": "1.0.0",
      "license": "MIT",
      "dependencies": {
        "livetennisapi": "1.4.0"
      },
      "engines": {
        "node": ">=20"
      }
    },
    "node_modules/livetennisapi": {
      "version": "1.4.0",
      "resolved": "https://registry.npmjs.org/livetennisapi/-/livetennisapi-1.4.0.tgz",
      "integrity": "sha512-ncMcX+jOnceajjvnuyR3Dq+THKPM7wkFJU/2hfGu4wJwyh/Dngib30IdqbVtar9IxQ7R6gPCeurSm7Aie5EXQQ==",
      "license": "MIT",
      "bin": {
        "livetennis": "dist/cli.js",
        "livetennisapi": "dist/cli.js"
      },
      "engines": {
        "node": ">=18"
      },
      "peerDependencies": {
        "ws": ">=8"
      },
      "peerDependenciesMeta": {
        "ws": {
          "optional": true
        }
      }
    }
  }
}
